{
  "requires": true,
  "lockfileVersion": 1,
  "dependencies": {
    "chartjs-plugin-trendline": {
      "version": "0.1.1",
      "resolved": "https://registry.npmjs.org/chartjs-plugin-trendline/-/chartjs-plugin-trendline-0.1.1.tgz",
      "integrity": "sha512-CR9YGf0RM7w4Gl5i2ywmpPaBKBOYJp0hSv+CsotRU9iVlHaRU0SsUU06mAAZbk+KfkR5Cktzco977jGWgRdQoQ=="
    }
  }
}
